
Microsoft Visual Studio Solution File, Format Version 12.00
# Visual Studio Version 16
VisualStudioVersion = 16.0.29102.190
MinimumVisualStudioVersion = 10.0.40219.1
Project("{FAE04EC0-301F-11D3-BF4B-00C04F79EFBC}") = "MinimalCef", "MinimalCef.csproj", "{B8371BF3-AF82-41D5-9640-C97F4375AD56}"
EndProject
Global
	GlobalSection(SolutionConfigurationPlatforms) = preSolution
		Debug|Any CPU = Debug|Any CPU
		Release|Any CPU = Release|Any CPU
	EndGlobalSection
	GlobalSection(ProjectConfigurationPlatforms) = postSolution
		{B8371BF3-AF82-41D5-9640-C97F4375AD56}.Debug|Any CPU.ActiveCfg = Debug|Any CPU
		{B8371BF3-AF82-41D5-9640-C97F4375AD56}.Debug|Any CPU.Build.0 = Debug|Any CPU
		{B8371BF3-AF82-41D5-9640-C97F4375AD56}.Release|Any CPU.ActiveCfg = Release|Any CPU
		{B8371BF3-AF82-41D5-9640-C97F4375AD56}.Release|Any CPU.Build.0 = Release|Any CPU
	EndGlobalSection
	GlobalSection(SolutionProperties) = preSolution
		HideSolutionNode = FALSE
	EndGlobalSection
	GlobalSection(ExtensibilityGlobals) = postSolution
		SolutionGuid = {7309EBB1-3392-4818-A44C-D4B71A1730B1}
	EndGlobalSection
EndGlobal
